
Microsoft Visual Studio Solution File, Format Version 12.00
# Visual Studio Version 17
VisualStudioVersion = 17.9.34714.143
MinimumVisualStudioVersion = 10.0.40219.1
Project("{9A19103F-16F7-4668-BE54-9A1E7A4F7556}") = "LyricsCinema", "LyricsCinema.csproj", "{F6006B7D-48C3-4D12-9166-88006E9FC5E8}"
EndProject
Global
	GlobalSection(SolutionConfigurationPlatforms) = preSolution
		Debug|Any CPU = Debug|Any CPU
		Release|Any CPU = Release|Any CPU
	EndGlobalSection
	GlobalSection(ProjectConfigurationPlatforms) = postSolution
		{F6006B7D-48C3-4D12-9166-88006E9FC5E8}.Debug|Any CPU.ActiveCfg = Debug|Any CPU
		{F6006B7D-48C3-4D12-9166-88006E9FC5E8}.Debug|Any CPU.Build.0 = Debug|Any CPU
		{F6006B7D-48C3-4D12-9166-88006E9FC5E8}.Release|Any CPU.ActiveCfg = Release|Any CPU
		{F6006B7D-48C3-4D12-9166-88006E9FC5E8}.Release|Any CPU.Build.0 = Release|Any CPU
	EndGlobalSection
	GlobalSection(SolutionProperties) = preSolution
		HideSolutionNode = FALSE
	EndGlobalSection
	GlobalSection(ExtensibilityGlobals) = postSolution
		SolutionGuid = {867621BF-604B-4DFD-8C1F-C6FAA09F2905}
	EndGlobalSection
EndGlobal
